Microsoft Visual Studio Solution File, Format Version 12.00
# Visual Studio Version 17
VisualStudioVersion = 17.5.2.0
MinimumVisualStudioVersion = 10.0.40219.1
Project("{FAE04EC0-301F-11D3-BF4B-00C04F79EFBC}") = "PlanYonetimAraclari", "PlanYonetimAraclari.csproj", "{DC10C3C9-D983-93CB-D91D-98E1AF14C2E0}"
EndProject
Global
	GlobalSection(SolutionConfigurationPlatforms) = preSolution
		Debug|Any CPU = Debug|Any CPU
		Release|Any CPU = Release|Any CPU
	EndGlobalSection
	GlobalSection(ProjectConfigurationPlatforms) = postSolution
		{DC10C3C9-D983-93CB-D91D-98E1AF14C2E0}.Debug|Any CPU.ActiveCfg = Debug|Any CPU
		{DC10C3C9-D983-93CB-D91D-98E1AF14C2E0}.Debug|Any CPU.Build.0 = Debug|Any CPU
		{DC10C3C9-D983-93CB-D91D-98E1AF14C2E0}.Release|Any CPU.ActiveCfg = Release|Any CPU
		{DC10C3C9-D983-93CB-D91D-98E1AF14C2E0}.Release|Any CPU.Build.0 = Release|Any CPU
	EndGlobalSection
	GlobalSection(SolutionProperties) = preSolution
		HideSolutionNode = FALSE
	EndGlobalSection
	GlobalSection(ExtensibilityGlobals) = postSolution
		SolutionGuid = {246DB4D3-AA45-48C7-A329-5FA74E5D008C}
	EndGlobalSection
EndGlobal
